
Microsoft Visual Studio Solution File, Format Version 12.00
# Visual Studio 14
VisualStudioVersion = 14.0.24720.0
MinimumVisualStudioVersion = 10.0.40219.1
Project("{FAE04EC0-301F-11D3-BF4B-00C04F79EFBC}") = "Kocka", "Kocka\Kocka.csproj", "{A5F1FEAA-53D1-43FE-9353-0BD2C0D3BD64}"
EndProject
Project("{FAE04EC0-301F-11D3-BF4B-00C04F79EFBC}") = "Shaders", "Shaders\Shaders.csproj", "{BBB475FA-2EC5-4DA2-88AA-3568158D4377}"
EndProject
Global
	GlobalSection(SolutionConfigurationPlatforms) = preSolution
		Debug|Any CPU = Debug|Any CPU
		Release|Any CPU = Release|Any CPU
	EndGlobalSection
	GlobalSection(ProjectConfigurationPlatforms) = postSolution
		{A5F1FEAA-53D1-43FE-9353-0BD2C0D3BD64}.Debug|Any CPU.ActiveCfg = Debug|Any CPU
		{A5F1FEAA-53D1-43FE-9353-0BD2C0D3BD64}.Debug|Any CPU.Build.0 = Debug|Any CPU
		{A5F1FEAA-53D1-43FE-9353-0BD2C0D3BD64}.Release|Any CPU.ActiveCfg = Release|Any CPU
		{A5F1FEAA-53D1-43FE-9353-0BD2C0D3BD64}.Release|Any CPU.Build.0 = Release|Any CPU
		{BBB475FA-2EC5-4DA2-88AA-3568158D4377}.Debug|Any CPU.ActiveCfg = Debug|Any CPU
		{BBB475FA-2EC5-4DA2-88AA-3568158D4377}.Debug|Any CPU.Build.0 = Debug|Any CPU
		{BBB475FA-2EC5-4DA2-88AA-3568158D4377}.Release|Any CPU.ActiveCfg = Release|Any CPU
		{BBB475FA-2EC5-4DA2-88AA-3568158D4377}.Release|Any CPU.Build.0 = Release|Any CPU
	EndGlobalSection
	GlobalSection(SolutionProperties) = preSolution
		HideSolutionNode = FALSE
	EndGlobalSection
EndGlobal
